
Microsoft Visual Studio Solution File, Format Version 12.00
# Visual Studio 2012
Project("{FAE04EC0-301F-11D3-BF4B-00C04F79EFBC}") = "L01Tri", "L01Tri.csproj", "{9AD0DA64-18F6-4EAC-AC3C-B6F2BCC6531C}"
EndProject
Project("{FAE04EC0-301F-11D3-BF4B-00C04F79EFBC}") = "UnitTestL01Tri", "..\UnitTestL01Tri\UnitTestL01Tri.csproj", "{936132E9-8465-4C5B-A5BA-F336FC204BEB}"
EndProject
Global
	GlobalSection(SolutionConfigurationPlatforms) = preSolution
		Debug|Any CPU = Debug|Any CPU
		Release|Any CPU = Release|Any CPU
	EndGlobalSection
	GlobalSection(ProjectConfigurationPlatforms) = postSolution
		{9AD0DA64-18F6-4EAC-AC3C-B6F2BCC6531C}.Debug|Any CPU.ActiveCfg = Debug|Any CPU
		{9AD0DA64-18F6-4EAC-AC3C-B6F2BCC6531C}.Debug|Any CPU.Build.0 = Debug|Any CPU
		{9AD0DA64-18F6-4EAC-AC3C-B6F2BCC6531C}.Release|Any CPU.ActiveCfg = Release|Any CPU
		{9AD0DA64-18F6-4EAC-AC3C-B6F2BCC6531C}.Release|Any CPU.Build.0 = Release|Any CPU
		{936132E9-8465-4C5B-A5BA-F336FC204BEB}.Debug|Any CPU.ActiveCfg = Debug|Any CPU
		{936132E9-8465-4C5B-A5BA-F336FC204BEB}.Debug|Any CPU.Build.0 = Debug|Any CPU
		{936132E9-8465-4C5B-A5BA-F336FC204BEB}.Release|Any CPU.ActiveCfg = Release|Any CPU
		{936132E9-8465-4C5B-A5BA-F336FC204BEB}.Release|Any CPU.Build.0 = Release|Any CPU
	EndGlobalSection
	GlobalSection(SolutionProperties) = preSolution
		HideSolutionNode = FALSE
	EndGlobalSection
EndGlobal
